// !$*UTF8*$!
{
	archiveVersion = 1;
	classes = {
	};
	objectVersion = 56;
	objects = {

/* Begin PBXBuildFile section */
		F6D133BC2A03B36A00E79D58 /* ArranqueViewController.swift in Sources */ = {isa = PBXBuildFile; fileRef = F6D133BA2A03B36A00E79D58 /* ArranqueViewController.swift */; };
		F6D133BD2A03B36A00E79D58 /* ArranqueViewController.xib in Resources */ = {isa = PBXBuildFile; fileRef = F6D133BB2A03B36A00E79D58 /* ArranqueViewController.xib */; };
		F6D133BF2A03B37D00E79D58 /* ArranqueViewCoordinator.swift in Sources */ = {isa = PBXBuildFile; fileRef = F6D133BE2A03B37D00E79D58 /* ArranqueViewCoordinator.swift */; };
		F6D145E129D433280057AAAF /* AppDelegate.swift in Sources */ = {isa = PBXBuildFile; fileRef = F6D145E029D433280057AAAF /* AppDelegate.swift */; };
		F6D145EA29D4332B0057AAAF /* Assets.xcassets in Resources */ = {isa = PBXBuildFile; fileRef = F6D145E929D4332B0057AAAF /* Assets.xcassets */; };
		F6D145ED29D4332B0057AAAF /* LaunchScreen.storyboard in Resources */ = {isa = PBXBuildFile; fileRef = F6D145EB29D4332B0057AAAF /* LaunchScreen.storyboard */; };
		F6D145F729D43A640057AAAF /* DirectViewController.swift in Sources */ = {isa = PBXBuildFile; fileRef = F6D145F529D43A640057AAAF /* DirectViewController.swift */; };
		F6D145F829D43A640057AAAF /* DirectViewController.xib in Resources */ = {isa = PBXBuildFile; fileRef = F6D145F629D43A640057AAAF /* DirectViewController.xib */; };
		F6D145FC29D43AAB0057AAAF /* AppInit.swift in Sources */ = {isa = PBXBuildFile; fileRef = F6D145FB29D43AAB0057AAAF /* AppInit.swift */; };
		F6D145FE29D43E900057AAAF /* DirectViewControllerCoordinator.swift in Sources */ = {isa = PBXBuildFile; fileRef = F6D145FD29D43E900057AAAF /* DirectViewControllerCoordinator.swift */; };
		F6D1460129D43F7C0057AAAF /* Utils.swift in Sources */ = {isa = PBXBuildFile; fileRef = F6D1460029D43F7C0057AAAF /* Utils.swift */; };
		F6D1460329D440AF0057AAAF /* Obfuscator.swift in Sources */ = {isa = PBXBuildFile; fileRef = F6D1460229D440AF0057AAAF /* Obfuscator.swift */; };
/* End PBXBuildFile section */

/* Begin PBXFileReference section */
		F6D133BA2A03B36A00E79D58 /* ArranqueViewController.swift */ = {isa = PBXFileReference; lastKnownFileType = sourcecode.swift; path = ArranqueViewController.swift; sourceTree = "<group>"; };
		F6D133BB2A03B36A00E79D58 /* ArranqueViewController.xib */ = {isa = PBXFileReference; lastKnownFileType = file.xib; path = ArranqueViewController.xib; sourceTree = "<group>"; };
		F6D133BE2A03B37D00E79D58 /* ArranqueViewCoordinator.swift */ = {isa = PBXFileReference; lastKnownFileType = sourcecode.swift; path = ArranqueViewCoordinator.swift; sourceTree = "<group>"; };
		F6D145DD29D433280057AAAF /* InternalPoCWebViewTokenJWT.app */ = {isa = PBXFileReference; explicitFileType = wrapper.application; includeInIndex = 0; path = InternalPoCWebViewTokenJWT.app; sourceTree = BUILT_PRODUCTS_DIR; };
		F6D145E029D433280057AAAF /* AppDelegate.swift */ = {isa = PBXFileReference; lastKnownFileType = sourcecode.swift; path = AppDelegate.swift; sourceTree = "<group>"; };
		F6D145E929D4332B0057AAAF /* Assets.xcassets */ = {isa = PBXFileReference; lastKnownFileType = folder.assetcatalog; path = Assets.xcassets; sourceTree = "<group>"; };
		F6D145EC29D4332B0057AAAF /* Base */ = {isa = PBXFileReference; lastKnownFileType = file.storyboard; name = Base; path = Base.lproj/LaunchScreen.storyboard; sourceTree = "<group>"; };
		F6D145EE29D4332B0057AAAF /* Info.plist */ = {isa = PBXFileReference; lastKnownFileType = text.plist.xml; path = Info.plist; sourceTree = "<group>"; };
		F6D145F529D43A640057AAAF /* DirectViewController.swift */ = {isa = PBXFileReference; lastKnownFileType = sourcecode.swift; path = DirectViewController.swift; sourceTree = "<group>"; };
		F6D145F629D43A640057AAAF /* DirectViewController.xib */ = {isa = PBXFileReference; lastKnownFileType = file.xib; path = DirectViewController.xib; sourceTree = "<group>"; };
		F6D145FB29D43AAB0057AAAF /* AppInit.swift */ = {isa = PBXFileReference; lastKnownFileType = sourcecode.swift; path = AppInit.swift; sourceTree = "<group>"; };
		F6D145FD29D43E900057AAAF /* DirectViewControllerCoordinator.swift */ = {isa = PBXFileReference; lastKnownFileType = sourcecode.swift; path = DirectViewControllerCoordinator.swift; sourceTree = "<group>"; };
		F6D1460029D43F7C0057AAAF /* Utils.swift */ = {isa = PBXFileReference; lastKnownFileType = sourcecode.swift; path = Utils.swift; sourceTree = "<group>"; };
		F6D1460229D440AF0057AAAF /* Obfuscator.swift */ = {isa = PBXFileReference; fileEncoding = 4; lastKnownFileType = sourcecode.swift; path = Obfuscator.swift; sourceTree = "<group>"; };
/* End PBXFileReference section */

/* Begin PBXFrameworksBuildPhase section */
		F6D145DA29D433280057AAAF /* Frameworks */ = {
			isa = PBXFrameworksBuildPhase;
			buildActionMask = 2147483647;
			files = (
			);
			runOnlyForDeploymentPostprocessing = 0;
		};
/* End PBXFrameworksBuildPhase section */

/* Begin PBXGroup section */
		F6D133B82A03B32A00E79D58 /* PosicionGLobalView */ = {
			isa = PBXGroup;
			children = (
				F6D145F529D43A640057AAAF /* DirectViewController.swift */,
				F6D145F629D43A640057AAAF /* DirectViewController.xib */,
				F6D145FD29D43E900057AAAF /* DirectViewControllerCoordinator.swift */,
			);
			path = PosicionGLobalView;
			sourceTree = "<group>";
		};
		F6D133B92A03B33F00E79D58 /* ArranqueView */ = {
			isa = PBXGroup;
			children = (
				F6D133BA2A03B36A00E79D58 /* ArranqueViewController.swift */,
				F6D133BB2A03B36A00E79D58 /* ArranqueViewController.xib */,
				F6D133BE2A03B37D00E79D58 /* ArranqueViewCoordinator.swift */,
			);
			path = ArranqueView;
			sourceTree = "<group>";
		};
		F6D145D429D433280057AAAF = {
			isa = PBXGroup;
			children = (
				F6D145DF29D433280057AAAF /* InternalPoCWebViewTokenJWT */,
				F6D145DE29D433280057AAAF /* Products */,
			);
			sourceTree = "<group>";
		};
		F6D145DE29D433280057AAAF /* Products */ = {
			isa = PBXGroup;
			children = (
				F6D145DD29D433280057AAAF /* InternalPoCWebViewTokenJWT.app */,
			);
			name = Products;
			sourceTree = "<group>";
		};
		F6D145DF29D433280057AAAF /* InternalPoCWebViewTokenJWT */ = {
			isa = PBXGroup;
			children = (
				F6D145FF29D43F6E0057AAAF /* Utils */,
				F6D145FA29D43A760057AAAF /* Core */,
				F6D145F929D43A6A0057AAAF /* Presenter */,
				F6D145F429D43A320057AAAF /* Views */,
				F6D145E029D433280057AAAF /* AppDelegate.swift */,
				F6D145E929D4332B0057AAAF /* Assets.xcassets */,
				F6D145EB29D4332B0057AAAF /* LaunchScreen.storyboard */,
				F6D145EE29D4332B0057AAAF /* Info.plist */,
			);
			path = InternalPoCWebViewTokenJWT;
			sourceTree = "<group>";
		};
		F6D145F429D43A320057AAAF /* Views */ = {
			isa = PBXGroup;
			children = (
				F6D133B92A03B33F00E79D58 /* ArranqueView */,
				F6D133B82A03B32A00E79D58 /* PosicionGLobalView */,
			);
			path = Views;
			sourceTree = "<group>";
		};
		F6D145F929D43A6A0057AAAF /* Presenter */ = {
			isa = PBXGroup;
			children = (
			);
			path = Presenter;
			sourceTree = "<group>";
		};
		F6D145FA29D43A760057AAAF /* Core */ = {
			isa = PBXGroup;
			children = (
				F6D145FB29D43AAB0057AAAF /* AppInit.swift */,
			);
			path = Core;
			sourceTree = "<group>";
		};
		F6D145FF29D43F6E0057AAAF /* Utils */ = {
			isa = PBXGroup;
			children = (
				F6D1460229D440AF0057AAAF /* Obfuscator.swift */,
				F6D1460029D43F7C0057AAAF /* Utils.swift */,
			);
			path = Utils;
			sourceTree = "<group>";
		};
/* End PBXGroup section */

/* Begin PBXNativeTarget section */
		F6D145DC29D433280057AAAF /* InternalPoCWebViewTokenJWT */ = {
			isa = PBXNativeTarget;
			buildConfigurationList = F6D145F129D4332B0057AAAF /* Build configuration list for PBXNativeTarget "InternalPoCWebViewTokenJWT" */;
			buildPhases = (
				F6D145D929D433280057AAAF /* Sources */,
				F6D145DA29D433280057AAAF /* Frameworks */,
				F6D145DB29D433280057AAAF /* Resources */,
			);
			buildRules = (
			);
			dependencies = (
			);
			name = InternalPoCWebViewTokenJWT;
			productName = InternalPoCWebViewTokenJWT;
			productReference = F6D145DD29D433280057AAAF /* InternalPoCWebViewTokenJWT.app */;
			productType = "com.apple.product-type.application";
		};
/* End PBXNativeTarget section */

/* Begin PBXProject section */
		F6D145D529D433280057AAAF /* Project object */ = {
			isa = PBXProject;
			attributes = {
				BuildIndependentTargetsInParallel = 1;
				LastSwiftUpdateCheck = 1420;
				LastUpgradeCheck = 1420;
				TargetAttributes = {
					F6D145DC29D433280057AAAF = {
						CreatedOnToolsVersion = 14.2;
					};
				};
			};
			buildConfigurationList = F6D145D829D433280057AAAF /* Build configuration list for PBXProject "InternalPoCWebViewTokenJWT" */;
			compatibilityVersion = "Xcode 14.0";
			developmentRegion = en;
			hasScannedForEncodings = 0;
			knownRegions = (
				en,
				Base,
			);
			mainGroup = F6D145D429D433280057AAAF;
			productRefGroup = F6D145DE29D433280057AAAF /* Products */;
			projectDirPath = "";
			projectRoot = "";
			targets = (
				F6D145DC29D433280057AAAF /* InternalPoCWebViewTokenJWT */,
			);
		};
/* End PBXProject section */

/* Begin PBXResourcesBuildPhase section */
		F6D145DB29D433280057AAAF /* Resources */ = {
			isa = PBXResourcesBuildPhase;
			buildActionMask = 2147483647;
			files = (
				F6D145F829D43A640057AAAF /* DirectViewController.xib in Resources */,
				F6D133BD2A03B36A00E79D58 /* ArranqueViewController.xib in Resources */,
				F6D145ED29D4332B0057AAAF /* LaunchScreen.storyboard in Resources */,
				F6D145EA29D4332B0057AAAF /* Assets.xcassets in Resources */,
			);
			runOnlyForDeploymentPostprocessing = 0;
		};
/* End PBXResourcesBuildPhase section */

/* Begin PBXSourcesBuildPhase section */
		F6D145D929D433280057AAAF /* Sources */ = {
			isa = PBXSourcesBuildPhase;
			buildActionMask = 2147483647;
			files = (
				F6D1460129D43F7C0057AAAF /* Utils.swift in Sources */,
				F6D133BC2A03B36A00E79D58 /* ArranqueViewController.swift in Sources */,
				F6D145FC29D43AAB0057AAAF /* AppInit.swift in Sources */,
				F6D145E129D433280057AAAF /* AppDelegate.swift in Sources */,
				F6D145FE29D43E900057AAAF /* DirectViewControllerCoordinator.swift in Sources */,
				F6D145F729D43A640057AAAF /* DirectViewController.swift in Sources */,
				F6D133BF2A03B37D00E79D58 /* ArranqueViewCoordinator.swift in Sources */,
				F6D1460329D440AF0057AAAF /* Obfuscator.swift in Sources */,
			);
			runOnlyForDeploymentPostprocessing = 0;
		};
/* End PBXSourcesBuildPhase section */

/* Begin PBXVariantGroup section */
		F6D145EB29D4332B0057AAAF /* LaunchScreen.storyboard */ = {
			isa = PBXVariantGroup;
			children = (
				F6D145EC29D4332B0057AAAF /* Base */,
			);
			name = LaunchScreen.storyboard;
			sourceTree = "<group>";
		};
/* End PBXVariantGroup section */

/* Begin XCBuildConfiguration section */
		F6D145EF29D4332B0057AAAF /* Debug */ = {
			isa = XCBuildConfiguration;
			buildSettings = {
				ALWAYS_SEARCH_USER_PATHS = NO;
				CLANG_ANALYZER_NONNULL = YES;
				CLANG_ANALYZER_NUMBER_OBJECT_CONVERSION = YES_AGGRESSIVE;
				CLANG_CXX_LANGUAGE_STANDARD = "gnu++20";
				CLANG_ENABLE_MODULES = YES;
				CLANG_ENABLE_OBJC_ARC = YES;
				CLANG_ENABLE_OBJC_WEAK = YES;
				CLANG_WARN_BLOCK_CAPTURE_AUTORELEASING = YES;
				CLANG_WARN_BOOL_CONVERSION = YES;
				CLANG_WARN_COMMA = YES;
				CLANG_WARN_CONSTANT_CONVERSION = YES;
				CLANG_WARN_DEPRECATED_OBJC_IMPLEMENTATIONS = YES;
				CLANG_WARN_DIRECT_OBJC_ISA_USAGE = YES_ERROR;
				CLANG_WARN_DOCUMENTATION_COMMENTS = YES;
				CLANG_WARN_EMPTY_BODY = YES;
				CLANG_WARN_ENUM_CONVERSION = YES;
				CLANG_WARN_INFINITE_RECURSION = YES;
				CLANG_WARN_INT_CONVERSION = YES;
				CLANG_WARN_NON_LITERAL_NULL_CONVERSION = YES;
				CLANG_WARN_OBJC_IMPLICIT_RETAIN_SELF = YES;
				CLANG_WARN_OBJC_LITERAL_CONVERSION = YES;
				CLANG_WARN_OBJC_ROOT_CLASS = YES_ERROR;
				CLANG_WARN_QUOTED_INCLUDE_IN_FRAMEWORK_HEADER = YES;
				CLANG_WARN_RANGE_LOOP_ANALYSIS = YES;
				CLANG_WARN_STRICT_PROTOTYPES = YES;
				CLANG_WARN_SUSPICIOUS_MOVE = YES;
				CLANG_WARN_UNGUARDED_AVAILABILITY = YES_AGGRESSIVE;
				CLANG_WARN_UNREACHABLE_CODE = YES;
				CLANG_WARN__DUPLICATE_METHOD_MATCH = YES;
				COPY_PHASE_STRIP = NO;
				DEBUG_INFORMATION_FORMAT = dwarf;
				ENABLE_STRICT_OBJC_MSGSEND = YES;
				ENABLE_TESTABILITY = YES;
				GCC_C_LANGUAGE_STANDARD = gnu11;
				GCC_DYNAMIC_NO_PIC = NO;
				GCC_NO_COMMON_BLOCKS = YES;
				GCC_OPTIMIZATION_LEVEL = 0;
				GCC_PREPROCESSOR_DEFINITIONS = (
					"DEBUG=1",
					"$(inherited)",
				);
				GCC_WARN_64_TO_32_BIT_CONVERSION = YES;
				GCC_WARN_ABOUT_RETURN_TYPE = YES_ERROR;
				GCC_WARN_UNDECLARED_SELECTOR = YES;
				GCC_WARN_UNINITIALIZED_AUTOS = YES_AGGRESSIVE;
				GCC_WARN_UNUSED_FUNCTION = YES;
				GCC_WARN_UNUSED_VARIABLE = YES;
				IPHONEOS_DEPLOYMENT_TARGET = 16.2;
				MTL_ENABLE_DEBUG_INFO = INCLUDE_SOURCE;
				MTL_FAST_MATH = YES;
				ONLY_ACTIVE_ARCH = YES;
				SDKROOT = iphoneos;
				SWIFT_ACTIVE_COMPILATION_CONDITIONS = DEBUG;
				SWIFT_OPTIMIZATION_LEVEL = "-Onone";
			};
			name = Debug;
		};
		F6D145F029D4332B0057AAAF /* Release */ = {
			isa = XCBuildConfiguration;
			buildSettings = {
				ALWAYS_SEARCH_USER_PATHS = NO;
				CLANG_ANALYZER_NONNULL = YES;
				CLANG_ANALYZER_NUMBER_OBJECT_CONVERSION = YES_AGGRESSIVE;
				CLANG_CXX_LANGUAGE_STANDARD = "gnu++20";
				CLANG_ENABLE_MODULES = YES;
				CLANG_ENABLE_OBJC_ARC = YES;
				CLANG_ENABLE_OBJC_WEAK = YES;
				CLANG_WARN_BLOCK_CAPTURE_AUTORELEASING = YES;
				CLANG_WARN_BOOL_CONVERSION = YES;
				CLANG_WARN_COMMA = YES;
				CLANG_WARN_CONSTANT_CONVERSION = YES;
				CLANG_WARN_DEPRECATED_OBJC_IMPLEMENTATIONS = YES;
				CLANG_WARN_DIRECT_OBJC_ISA_USAGE = YES_ERROR;
				CLANG_WARN_DOCUMENTATION_COMMENTS = YES;
				CLANG_WARN_EMPTY_BODY = YES;
				CLANG_WARN_ENUM_CONVERSION = YES;
				CLANG_WARN_INFINITE_RECURSION = YES;
				CLANG_WARN_INT_CONVERSION = YES;
				CLANG_WARN_NON_LITERAL_NULL_CONVERSION = YES;
				CLANG_WARN_OBJC_IMPLICIT_RETAIN_SELF = YES;
				CLANG_WARN_OBJC_LITERAL_CONVERSION = YES;
				CLANG_WARN_OBJC_ROOT_CLASS = YES_ERROR;
				CLANG_WARN_QUOTED_INCLUDE_IN_FRAMEWORK_HEADER = YES;
				CLANG_WARN_RANGE_LOOP_ANALYSIS = YES;
				CLANG_WARN_STRICT_PROTOTYPES = YES;
				CLANG_WARN_SUSPICIOUS_MOVE = YES;
				CLANG_WARN_UNGUARDED_AVAILABILITY = YES_AGGRESSIVE;
				CLANG_WARN_UNREACHABLE_CODE = YES;
				CLANG_WARN__DUPLICATE_METHOD_MATCH = YES;
				COPY_PHASE_STRIP = NO;
				DEBUG_INFORMATION_FORMAT = "dwarf-with-dsym";
				ENABLE_NS_ASSERTIONS = NO;
				ENABLE_STRICT_OBJC_MSGSEND = YES;
				GCC_C_LANGUAGE_STANDARD = gnu11;
				GCC_NO_COMMON_BLOCKS = YES;
				GCC_WARN_64_TO_32_BIT_CONVERSION = YES;
				GCC_WARN_ABOUT_RETURN_TYPE = YES_ERROR;
				GCC_WARN_UNDECLARED_SELECTOR = YES;
				GCC_WARN_UNINITIALIZED_AUTOS = YES_AGGRESSIVE;
				GCC_WARN_UNUSED_FUNCTION = YES;
				GCC_WARN_UNUSED_VARIABLE = YES;
				IPHONEOS_DEPLOYMENT_TARGET = 16.2;
				MTL_ENABLE_DEBUG_INFO = NO;
				MTL_FAST_MATH = YES;
				SDKROOT = iphoneos;
				SWIFT_COMPILATION_MODE = wholemodule;
				SWIFT_OPTIMIZATION_LEVEL = "-O";
				VALIDATE_PRODUCT = YES;
			};
			name = Release;
		};
		F6D145F229D4332B0057AAAF /* Debug */ = {
			isa = XCBuildConfiguration;
			buildSettings = {
				ASSETCATALOG_COMPILER_APPICON_NAME = AppIcon;
				ASSETCATALOG_COMPILER_GLOBAL_ACCENT_COLOR_NAME = AccentColor;
				CODE_SIGN_STYLE = Automatic;
				CURRENT_PROJECT_VERSION = 1;
				DEVELOPMENT_TEAM = 2C7W4RF846;
				GENERATE_INFOPLIST_FILE = YES;
				INFOPLIST_FILE = InternalPoCWebViewTokenJWT/Info.plist;
				INFOPLIST_KEY_UIApplicationSupportsIndirectInputEvents = YES;
				INFOPLIST_KEY_UILaunchStoryboardName = LaunchScreen.storyboard;
				INFOPLIST_KEY_UISupportedInterfaceOrientations = UIInterfaceOrientationPortrait;
				INFOPLIST_KEY_UISupportedInterfaceOrientations_iPad = "UIInterfaceOrientationLandscapeLeft UIInterfaceOrientationLandscapeRight UIInterfaceOrientationPortraitUpsideDown";
				LD_RUNPATH_SEARCH_PATHS = (
					"$(inherited)",
					"@executable_path/Frameworks",
				);
				MARKETING_VERSION = 1.0;
				PRODUCT_BUNDLE_IDENTIFIER = com.icologic.iOS.InternalPoCWebViewTokenJWT;
				PRODUCT_NAME = "$(TARGET_NAME)";
				SUPPORTED_PLATFORMS = "iphoneos iphonesimulator";
				SUPPORTS_MACCATALYST = NO;
				SUPPORTS_MAC_DESIGNED_FOR_IPHONE_IPAD = NO;
				SWIFT_EMIT_LOC_STRINGS = YES;
				SWIFT_VERSION = 5.0;
				TARGETED_DEVICE_FAMILY = 1;
			};
			name = Debug;
		};
		F6D145F329D4332B0057AAAF /* Release */ = {
			isa = XCBuildConfiguration;
			buildSettings = {
				ASSETCATALOG_COMPILER_APPICON_NAME = AppIcon;
				ASSETCATALOG_COMPILER_GLOBAL_ACCENT_COLOR_NAME = AccentColor;
				CODE_SIGN_STYLE = Automatic;
				CURRENT_PROJECT_VERSION = 1;
				DEVELOPMENT_TEAM = 2C7W4RF846;
				GENERATE_INFOPLIST_FILE = YES;
				INFOPLIST_FILE = InternalPoCWebViewTokenJWT/Info.plist;
				INFOPLIST_KEY_UIApplicationSupportsIndirectInputEvents = YES;
				INFOPLIST_KEY_UILaunchStoryboardName = LaunchScreen.storyboard;
				INFOPLIST_KEY_UISupportedInterfaceOrientations = UIInterfaceOrientationPortrait;
				INFOPLIST_KEY_UISupportedInterfaceOrientations_iPad = "UIInterfaceOrientationLandscapeLeft UIInterfaceOrientationLandscapeRight UIInterfaceOrientationPortraitUpsideDown";
				LD_RUNPATH_SEARCH_PATHS = (
					"$(inherited)",
					"@executable_path/Frameworks",
				);
				MARKETING_VERSION = 1.0;
				PRODUCT_BUNDLE_IDENTIFIER = com.icologic.iOS.InternalPoCWebViewTokenJWT;
				PRODUCT_NAME = "$(TARGET_NAME)";
				SUPPORTED_PLATFORMS = "iphoneos iphonesimulator";
				SUPPORTS_MACCATALYST = NO;
				SUPPORTS_MAC_DESIGNED_FOR_IPHONE_IPAD = NO;
				SWIFT_EMIT_LOC_STRINGS = YES;
				SWIFT_VERSION = 5.0;
				TARGETED_DEVICE_FAMILY = 1;
			};
			name = Release;
		};
/* End XCBuildConfiguration section */

/* Begin XCConfigurationList section */
		F6D145D829D433280057AAAF /* Build configuration list for PBXProject "InternalPoCWebViewTokenJWT" */ = {
			isa = XCConfigurationList;
			buildConfigurations = (
				F6D145EF29D4332B0057AAAF /* Debug */,
				F6D145F029D4332B0057AAAF /* Release */,
			);
			defaultConfigurationIsVisible = 0;
			defaultConfigurationName = Release;
		};
		F6D145F129D4332B0057AAAF /* Build configuration list for PBXNativeTarget "InternalPoCWebViewTokenJWT" */ = {
			isa = XCConfigurationList;
			buildConfigurations = (
				F6D145F229D4332B0057AAAF /* Debug */,
				F6D145F329D4332B0057AAAF /* Release */,
			);
			defaultConfigurationIsVisible = 0;
			defaultConfigurationName = Release;
		};
/* End XCConfigurationList section */
	};
	rootObject = F6D145D529D433280057AAAF /* Project object */;
}
